// !$*UTF8*$!
{
	archiveVersion = 1;
	classes = {
	};
	objectVersion = 50;
	objects = {

/* Begin PBXBuildFile section */
		2B62A06F2472860700DB4571 /* AppDelegate.swift in Sources */ = {isa = PBXBuildFile; fileRef = 2B62A06E2472860700DB4571 /* AppDelegate.swift */; };
		2B62A0712472860700DB4571 /* SceneDelegate.swift in Sources */ = {isa = PBXBuildFile; fileRef = 2B62A0702472860700DB4571 /* SceneDelegate.swift */; };
		2B62A0732472860700DB4571 /* ViewController.swift in Sources */ = {isa = PBXBuildFile; fileRef = 2B62A0722472860700DB4571 /* ViewController.swift */; };
		2B62A0762472860700DB4571 /* Main.storyboard in Resources */ = {isa = PBXBuildFile; fileRef = 2B62A0742472860700DB4571 /* Main.storyboard */; };
		2B62A0782472860800DB4571 /* Assets.xcassets in Resources */ = {isa = PBXBuildFile; fileRef = 2B62A0772472860800DB4571 /* Assets.xcassets */; };
		2B62A07B2472860800DB4571 /* LaunchScreen.storyboard in Resources */ = {isa = PBXBuildFile; fileRef = 2B62A0792472860800DB4571 /* LaunchScreen.storyboard */; };
		2B62A0862472860900DB4571 /* MVVMCoreTests.swift in Sources */ = {isa = PBXBuildFile; fileRef = 2B62A0852472860900DB4571 /* MVVMCoreTests.swift */; };
/* End PBXBuildFile section */

/* Begin PBXContainerItemProxy section */
		2B62A0822472860900DB4571 /* PBXContainerItemProxy */ = {
			isa = PBXContainerItemProxy;
			containerPortal = 2B62A0632472860600DB4571 /* Project object */;
			proxyType = 1;
			remoteGlobalIDString = 2B62A06A2472860600DB4571;
			remoteInfo = MVVMCore;
		};
/* End PBXContainerItemProxy section */

/* Begin PBXFileReference section */
		2B62A06B2472860600DB4571 /* MVVMCore.app */ = {isa = PBXFileReference; explicitFileType = wrapper.application; includeInIndex = 0; path = MVVMCore.app; sourceTree = BUILT_PRODUCTS_DIR; };
		2B62A06E2472860700DB4571 /* AppDelegate.swift */ = {isa = PBXFileReference; lastKnownFileType = sourcecode.swift; path = AppDelegate.swift; sourceTree = "<group>"; };
		2B62A0702472860700DB4571 /* SceneDelegate.swift */ = {isa = PBXFileReference; lastKnownFileType = sourcecode.swift; path = SceneDelegate.swift; sourceTree = "<group>"; };
		2B62A0722472860700DB4571 /* ViewController.swift */ = {isa = PBXFileReference; lastKnownFileType = sourcecode.swift; path = ViewController.swift; sourceTree = "<group>"; };
		2B62A0752472860700DB4571 /* Base */ = {isa = PBXFileReference; lastKnownFileType = file.storyboard; name = Base; path = Base.lproj/Main.storyboard; sourceTree = "<group>"; };
		2B62A0772472860800DB4571 /* Assets.xcassets */ = {isa = PBXFileReference; lastKnownFileType = folder.assetcatalog; path = Assets.xcassets; sourceTree = "<group>"; };
		2B62A07A2472860800DB4571 /* Base */ = {isa = PBXFileReference; lastKnownFileType = file.storyboard; name = Base; path = Base.lproj/LaunchScreen.storyboard; sourceTree = "<group>"; };
		2B62A07C2472860800DB4571 /* Info.plist */ = {isa = PBXFileReference; lastKnownFileType = text.plist.xml; path = Info.plist; sourceTree = "<group>"; };
		2B62A0812472860900DB4571 /* MVVMCoreTests.xctest */ = {isa = PBXFileReference; explicitFileType = wrapper.cfbundle; includeInIndex = 0; path = MVVMCoreTests.xctest; sourceTree = BUILT_PRODUCTS_DIR; };
		2B62A0852472860900DB4571 /* MVVMCoreTests.swift */ = {isa = PBXFileReference; lastKnownFileType = sourcecode.swift; path = MVVMCoreTests.swift; sourceTree = "<group>"; };
		2B62A0872472860900DB4571 /* Info.plist */ = {isa = PBXFileReference; lastKnownFileType = text.plist.xml; path = Info.plist; sourceTree = "<group>"; };
/* End PBXFileReference section */

/* Begin PBXFrameworksBuildPhase section */
		2B62A0682472860600DB4571 /* Frameworks */ = {
			isa = PBXFrameworksBuildPhase;
			buildActionMask = 2147483647;
			files = (
			);
			runOnlyForDeploymentPostprocessing = 0;
		};
		2B62A07E2472860900DB4571 /* Frameworks */ = {
			isa = PBXFrameworksBuildPhase;
			buildActionMask = 2147483647;
			files = (
			);
			runOnlyForDeploymentPostprocessing = 0;
		};
/* End PBXFrameworksBuildPhase section */

/* Begin PBXGroup section */
		2B62A0622472860600DB4571 = {
			isa = PBXGroup;
			children = (
				2B62A06D2472860600DB4571 /* MVVMCore */,
				2B62A0842472860900DB4571 /* MVVMCoreTests */,
				2B62A06C2472860600DB4571 /* Products */,
			);
			sourceTree = "<group>";
		};
		2B62A06C2472860600DB4571 /* Products */ = {
			isa = PBXGroup;
			children = (
				2B62A06B2472860600DB4571 /* MVVMCore.app */,
				2B62A0812472860900DB4571 /* MVVMCoreTests.xctest */,
			);
			name = Products;
			sourceTree = "<group>";
		};
		2B62A06D2472860600DB4571 /* MVVMCore */ = {
			isa = PBXGroup;
			children = (
				2B62A06E2472860700DB4571 /* AppDelegate.swift */,
				2B62A0702472860700DB4571 /* SceneDelegate.swift */,
				2B62A0722472860700DB4571 /* ViewController.swift */,
				2B62A0742472860700DB4571 /* Main.storyboard */,
				2B62A0772472860800DB4571 /* Assets.xcassets */,
				2B62A0792472860800DB4571 /* LaunchScreen.storyboard */,
				2B62A07C2472860800DB4571 /* Info.plist */,
			);
			path = MVVMCore;
			sourceTree = "<group>";
		};
		2B62A0842472860900DB4571 /* MVVMCoreTests */ = {
			isa = PBXGroup;
			children = (
				2B62A0852472860900DB4571 /* MVVMCoreTests.swift */,
				2B62A0872472860900DB4571 /* Info.plist */,
			);
			path = MVVMCoreTests;
			sourceTree = "<group>";
		};
/* End PBXGroup section */

/* Begin PBXNativeTarget section */
		2B62A06A2472860600DB4571 /* MVVMCore */ = {
			isa = PBXNativeTarget;
			buildConfigurationList = 2B62A08A2472860900DB4571 /* Build configuration list for PBXNativeTarget "MVVMCore" */;
			buildPhases = (
				2B62A0672472860600DB4571 /* Sources */,
				2B62A0682472860600DB4571 /* Frameworks */,
				2B62A0692472860600DB4571 /* Resources */,
			);
			buildRules = (
			);
			dependencies = (
			);
			name = MVVMCore;
			productName = MVVMCore;
			productReference = 2B62A06B2472860600DB4571 /* MVVMCore.app */;
			productType = "com.apple.product-type.application";
		};
		2B62A0802472860900DB4571 /* MVVMCoreTests */ = {
			isa = PBXNativeTarget;
			buildConfigurationList = 2B62A08D2472860900DB4571 /* Build configuration list for PBXNativeTarget "MVVMCoreTests" */;
			buildPhases = (
				2B62A07D2472860900DB4571 /* Sources */,
				2B62A07E2472860900DB4571 /* Frameworks */,
				2B62A07F2472860900DB4571 /* Resources */,
			);
			buildRules = (
			);
			dependencies = (
				2B62A0832472860900DB4571 /* PBXTargetDependency */,
			);
			name = MVVMCoreTests;
			productName = MVVMCoreTests;
			productReference = 2B62A0812472860900DB4571 /* MVVMCoreTests.xctest */;
			productType = "com.apple.product-type.bundle.unit-test";
		};
/* End PBXNativeTarget section */

/* Begin PBXProject section */
		2B62A0632472860600DB4571 /* Project object */ = {
			isa = PBXProject;
			attributes = {
				LastSwiftUpdateCheck = 1130;
				LastUpgradeCheck = 1130;
				ORGANIZATIONNAME = APM;
				TargetAttributes = {
					2B62A06A2472860600DB4571 = {
						CreatedOnToolsVersion = 11.3.1;
					};
					2B62A0802472860900DB4571 = {
						CreatedOnToolsVersion = 11.3.1;
						TestTargetID = 2B62A06A2472860600DB4571;
					};
				};
			};
			buildConfigurationList = 2B62A0662472860600DB4571 /* Build configuration list for PBXProject "MVVMCore" */;
			compatibilityVersion = "Xcode 9.3";
			developmentRegion = en;
			hasScannedForEncodings = 0;
			knownRegions = (
				en,
				Base,
			);
			mainGroup = 2B62A0622472860600DB4571;
			productRefGroup = 2B62A06C2472860600DB4571 /* Products */;
			projectDirPath = "";
			projectRoot = "";
			targets = (
				2B62A06A2472860600DB4571 /* MVVMCore */,
				2B62A0802472860900DB4571 /* MVVMCoreTests */,
			);
		};
/* End PBXProject section */

/* Begin PBXResourcesBuildPhase section */
		2B62A0692472860600DB4571 /* Resources */ = {
			isa = PBXResourcesBuildPhase;
			buildActionMask = 2147483647;
			files = (
				2B62A07B2472860800DB4571 /* LaunchScreen.storyboard in Resources */,
				2B62A0782472860800DB4571 /* Assets.xcassets in Resources */,
				2B62A0762472860700DB4571 /* Main.storyboard in Resources */,
			);
			runOnlyForDeploymentPostprocessing = 0;
		};
		2B62A07F2472860900DB4571 /* Resources */ = {
			isa = PBXResourcesBuildPhase;
			buildActionMask = 2147483647;
			files = (
			);
			runOnlyForDeploymentPostprocessing = 0;
		};
/* End PBXResourcesBuildPhase section */

/* Begin PBXSourcesBuildPhase section */
		2B62A0672472860600DB4571 /* Sources */ = {
			isa = PBXSourcesBuildPhase;
			buildActionMask = 2147483647;
			files = (
				2B62A0732472860700DB4571 /* ViewController.swift in Sources */,
				2B62A06F2472860700DB4571 /* AppDelegate.swift in Sources */,
				2B62A0712472860700DB4571 /* SceneDelegate.swift in Sources */,
			);
			runOnlyForDeploymentPostprocessing = 0;
		};
		2B62A07D2472860900DB4571 /* Sources */ = {
			isa = PBXSourcesBuildPhase;
			buildActionMask = 2147483647;
			files = (
				2B62A0862472860900DB4571 /* MVVMCoreTests.swift in Sources */,
			);
			runOnlyForDeploymentPostprocessing = 0;
		};
/* End PBXSourcesBuildPhase section */

/* Begin PBXTargetDependency section */
		2B62A0832472860900DB4571 /* PBXTargetDependency */ = {
			isa = PBXTargetDependency;
			target = 2B62A06A2472860600DB4571 /* MVVMCore */;
			targetProxy = 2B62A0822472860900DB4571 /* PBXContainerItemProxy */;
		};
/* End PBXTargetDependency section */

/* Begin PBXVariantGroup section */
		2B62A0742472860700DB4571 /* Main.storyboard */ = {
			isa = PBXVariantGroup;
			children = (
				2B62A0752472860700DB4571 /* Base */,
			);
			name = Main.storyboard;
			sourceTree = "<group>";
		};
		2B62A0792472860800DB4571 /* LaunchScreen.storyboard */ = {
			isa = PBXVariantGroup;
			children = (
				2B62A07A2472860800DB4571 /* Base */,
			);
			name = LaunchScreen.storyboard;
			sourceTree = "<group>";
		};
/* End PBXVariantGroup section */

/* Begin XCBuildConfiguration section */
		2B62A0882472860900DB4571 /* Debug */ = {
			isa = XCBuildConfiguration;
			buildSettings = {
				ALWAYS_SEARCH_USER_PATHS = NO;
				CLANG_ANALYZER_NONNULL = YES;
				CLANG_ANALYZER_NUMBER_OBJECT_CONVERSION = YES_AGGRESSIVE;
				CLANG_CXX_LANGUAGE_STANDARD = "gnu++14";
				CLANG_CXX_LIBRARY = "libc++";
				CLANG_ENABLE_MODULES = YES;
				CLANG_ENABLE_OBJC_ARC = YES;
				CLANG_ENABLE_OBJC_WEAK = YES;
				CLANG_WARN_BLOCK_CAPTURE_AUTORELEASING = YES;
				CLANG_WARN_BOOL_CONVERSION = YES;
				CLANG_WARN_COMMA = YES;
				CLANG_WARN_CONSTANT_CONVERSION = YES;
				CLANG_WARN_DEPRECATED_OBJC_IMPLEMENTATIONS = YES;
				CLANG_WARN_DIRECT_OBJC_ISA_USAGE = YES_ERROR;
				CLANG_WARN_DOCUMENTATION_COMMENTS = YES;
				CLANG_WARN_EMPTY_BODY = YES;
				CLANG_WARN_ENUM_CONVERSION = YES;
				CLANG_WARN_INFINITE_RECURSION = YES;
				CLANG_WARN_INT_CONVERSION = YES;
				CLANG_WARN_NON_LITERAL_NULL_CONVERSION = YES;
				CLANG_WARN_OBJC_IMPLICIT_RETAIN_SELF = YES;
				CLANG_WARN_OBJC_LITERAL_CONVERSION = YES;
				CLANG_WARN_OBJC_ROOT_CLASS = YES_ERROR;
				CLANG_WARN_RANGE_LOOP_ANALYSIS = YES;
				CLANG_WARN_STRICT_PROTOTYPES = YES;
				CLANG_WARN_SUSPICIOUS_MOVE = YES;
				CLANG_WARN_UNGUARDED_AVAILABILITY = YES_AGGRESSIVE;
				CLANG_WARN_UNREACHABLE_CODE = YES;
				CLANG_WARN__DUPLICATE_METHOD_MATCH = YES;
				COPY_PHASE_STRIP = NO;
				DEBUG_INFORMATION_FORMAT = dwarf;
				ENABLE_STRICT_OBJC_MSGSEND = YES;
				ENABLE_TESTABILITY = YES;
				GCC_C_LANGUAGE_STANDARD = gnu11;
				GCC_DYNAMIC_NO_PIC = NO;
				GCC_NO_COMMON_BLOCKS = YES;
				GCC_OPTIMIZATION_LEVEL = 0;
				GCC_PREPROCESSOR_DEFINITIONS = (
					"DEBUG=1",
					"$(inherited)",
				);
				GCC_WARN_64_TO_32_BIT_CONVERSION = YES;
				GCC_WARN_ABOUT_RETURN_TYPE = YES_ERROR;
				GCC_WARN_UNDECLARED_SELECTOR = YES;
				GCC_WARN_UNINITIALIZED_AUTOS = YES_AGGRESSIVE;
				GCC_WARN_UNUSED_FUNCTION = YES;
				GCC_WARN_UNUSED_VARIABLE = YES;
				IPHONEOS_DEPLOYMENT_TARGET = 13.2;
				MTL_ENABLE_DEBUG_INFO = INCLUDE_SOURCE;
				MTL_FAST_MATH = YES;
				ONLY_ACTIVE_ARCH = YES;
				SDKROOT = iphoneos;
				SWIFT_ACTIVE_COMPILATION_CONDITIONS = DEBUG;
				SWIFT_OPTIMIZATION_LEVEL = "-Onone";
			};
			name = Debug;
		};
		2B62A0892472860900DB4571 /* Release */ = {
			isa = XCBuildConfiguration;
			buildSettings = {
				ALWAYS_SEARCH_USER_PATHS = NO;
				CLANG_ANALYZER_NONNULL = YES;
				CLANG_ANALYZER_NUMBER_OBJECT_CONVERSION = YES_AGGRESSIVE;
				CLANG_CXX_LANGUAGE_STANDARD = "gnu++14";
				CLANG_CXX_LIBRARY = "libc++";
				CLANG_ENABLE_MODULES = YES;
				CLANG_ENABLE_OBJC_ARC = YES;
				CLANG_ENABLE_OBJC_WEAK = YES;
				CLANG_WARN_BLOCK_CAPTURE_AUTORELEASING = YES;
				CLANG_WARN_BOOL_CONVERSION = YES;
				CLANG_WARN_COMMA = YES;
				CLANG_WARN_CONSTANT_CONVERSION = YES;
				CLANG_WARN_DEPRECATED_OBJC_IMPLEMENTATIONS = YES;
				CLANG_WARN_DIRECT_OBJC_ISA_USAGE = YES_ERROR;
				CLANG_WARN_DOCUMENTATION_COMMENTS = YES;
				CLANG_WARN_EMPTY_BODY = YES;
				CLANG_WARN_ENUM_CONVERSION = YES;
				CLANG_WARN_INFINITE_RECURSION = YES;
				CLANG_WARN_INT_CONVERSION = YES;
				CLANG_WARN_NON_LITERAL_NULL_CONVERSION = YES;
				CLANG_WARN_OBJC_IMPLICIT_RETAIN_SELF = YES;
				CLANG_WARN_OBJC_LITERAL_CONVERSION = YES;
				CLANG_WARN_OBJC_ROOT_CLASS = YES_ERROR;
				CLANG_WARN_RANGE_LOOP_ANALYSIS = YES;
				CLANG_WARN_STRICT_PROTOTYPES = YES;
				CLANG_WARN_SUSPICIOUS_MOVE = YES;
				CLANG_WARN_UNGUARDED_AVAILABILITY = YES_AGGRESSIVE;
				CLANG_WARN_UNREACHABLE_CODE = YES;
				CLANG_WARN__DUPLICATE_METHOD_MATCH = YES;
				COPY_PHASE_STRIP = NO;
				DEBUG_INFORMATION_FORMAT = "dwarf-with-dsym";
				ENABLE_NS_ASSERTIONS = NO;
				ENABLE_STRICT_OBJC_MSGSEND = YES;
				GCC_C_LANGUAGE_STANDARD = gnu11;
				GCC_NO_COMMON_BLOCKS = YES;
				GCC_WARN_64_TO_32_BIT_CONVERSION = YES;
				GCC_WARN_ABOUT_RETURN_TYPE = YES_ERROR;
				GCC_WARN_UNDECLARED_SELECTOR = YES;
				GCC_WARN_UNINITIALIZED_AUTOS = YES_AGGRESSIVE;
				GCC_WARN_UNUSED_FUNCTION = YES;
				GCC_WARN_UNUSED_VARIABLE = YES;
				IPHONEOS_DEPLOYMENT_TARGET = 13.2;
				MTL_ENABLE_DEBUG_INFO = NO;
				MTL_FAST_MATH = YES;
				SDKROOT = iphoneos;
				SWIFT_COMPILATION_MODE = wholemodule;
				SWIFT_OPTIMIZATION_LEVEL = "-O";
				VALIDATE_PRODUCT = YES;
			};
			name = Release;
		};
		2B62A08B2472860900DB4571 /* Debug */ = {
			isa = XCBuildConfiguration;
			buildSettings = {
				ASSETCATALOG_COMPILER_APPICON_NAME = AppIcon;
				CODE_SIGN_STYLE = Automatic;
				DEVELOPMENT_TEAM = 2GS3DZHCM6;
				INFOPLIST_FILE = MVVMCore/Info.plist;
				LD_RUNPATH_SEARCH_PATHS = (
					"$(inherited)",
					"@executable_path/Frameworks",
				);
				PRODUCT_BUNDLE_IDENTIFIER = com.apm.MVVMCore;
				PRODUCT_NAME = "$(TARGET_NAME)";
				SWIFT_VERSION = 5.0;
				TARGETED_DEVICE_FAMILY = "1,2";
			};
			name = Debug;
		};
		2B62A08C2472860900DB4571 /* Release */ = {
			isa = XCBuildConfiguration;
			buildSettings = {
				ASSETCATALOG_COMPILER_APPICON_NAME = AppIcon;
				CODE_SIGN_STYLE = Automatic;
				DEVELOPMENT_TEAM = 2GS3DZHCM6;
				INFOPLIST_FILE = MVVMCore/Info.plist;
				LD_RUNPATH_SEARCH_PATHS = (
					"$(inherited)",
					"@executable_path/Frameworks",
				);
				PRODUCT_BUNDLE_IDENTIFIER = com.apm.MVVMCore;
				PRODUCT_NAME = "$(TARGET_NAME)";
				SWIFT_VERSION = 5.0;
				TARGETED_DEVICE_FAMILY = "1,2";
			};
			name = Release;
		};
		2B62A08E2472860900DB4571 /* Debug */ = {
			isa = XCBuildConfiguration;
			buildSettings = {
				ALWAYS_EMBED_SWIFT_STANDARD_LIBRARIES = YES;
				BUNDLE_LOADER = "$(TEST_HOST)";
				CODE_SIGN_STYLE = Automatic;
				DEVELOPMENT_TEAM = 2GS3DZHCM6;
				INFOPLIST_FILE = MVVMCoreTests/Info.plist;
				IPHONEOS_DEPLOYMENT_TARGET = 13.2;
				LD_RUNPATH_SEARCH_PATHS = (
					"$(inherited)",
					"@executable_path/Frameworks",
					"@loader_path/Frameworks",
				);
				PRODUCT_BUNDLE_IDENTIFIER = com.apm.MVVMCoreTests;
				PRODUCT_NAME = "$(TARGET_NAME)";
				SWIFT_VERSION = 5.0;
				TARGETED_DEVICE_FAMILY = "1,2";
				TEST_HOST = "$(BUILT_PRODUCTS_DIR)/MVVMCore.app/MVVMCore";
			};
			name = Debug;
		};
		2B62A08F2472860900DB4571 /* Release */ = {
			isa = XCBuildConfiguration;
			buildSettings = {
				ALWAYS_EMBED_SWIFT_STANDARD_LIBRARIES = YES;
				BUNDLE_LOADER = "$(TEST_HOST)";
				CODE_SIGN_STYLE = Automatic;
				DEVELOPMENT_TEAM = 2GS3DZHCM6;
				INFOPLIST_FILE = MVVMCoreTests/Info.plist;
				IPHONEOS_DEPLOYMENT_TARGET = 13.2;
				LD_RUNPATH_SEARCH_PATHS = (
					"$(inherited)",
					"@executable_path/Frameworks",
					"@loader_path/Frameworks",
				);
				PRODUCT_BUNDLE_IDENTIFIER = com.apm.MVVMCoreTests;
				PRODUCT_NAME = "$(TARGET_NAME)";
				SWIFT_VERSION = 5.0;
				TARGETED_DEVICE_FAMILY = "1,2";
				TEST_HOST = "$(BUILT_PRODUCTS_DIR)/MVVMCore.app/MVVMCore";
			};
			name = Release;
		};
/* End XCBuildConfiguration section */

/* Begin XCConfigurationList section */
		2B62A0662472860600DB4571 /* Build configuration list for PBXProject "MVVMCore" */ = {
			isa = XCConfigurationList;
			buildConfigurations = (
				2B62A0882472860900DB4571 /* Debug */,
				2B62A0892472860900DB4571 /* Release */,
			);
			defaultConfigurationIsVisible = 0;
			defaultConfigurationName = Release;
		};
		2B62A08A2472860900DB4571 /* Build configuration list for PBXNativeTarget "MVVMCore" */ = {
			isa = XCConfigurationList;
			buildConfigurations = (
				2B62A08B2472860900DB4571 /* Debug */,
				2B62A08C2472860900DB4571 /* Release */,
			);
			defaultConfigurationIsVisible = 0;
			defaultConfigurationName = Release;
		};
		2B62A08D2472860900DB4571 /* Build configuration list for PBXNativeTarget "MVVMCoreTests" */ = {
			isa = XCConfigurationList;
			buildConfigurations = (
				2B62A08E2472860900DB4571 /* Debug */,
				2B62A08F2472860900DB4571 /* Release */,
			);
			defaultConfigurationIsVisible = 0;
			defaultConfigurationName = Release;
		};
/* End XCConfigurationList section */
	};
	rootObject = 2B62A0632472860600DB4571 /* Project object */;
}
