// !$*UTF8*$!
{
	archiveVersion = 1;
	classes = {
	};
	objectVersion = 50;
	objects = {

/* Begin PBXBuildFile section */
		2B5A9AF82472D9CA00A60254 /* TestDetailsViewModel.swift in Sources */ = {isa = PBXBuildFile; fileRef = 2B5A9AF72472D9CA00A60254 /* TestDetailsViewModel.swift */; };
		2B5A9AFA2472D9D700A60254 /* TestDetailsViewController.swift in Sources */ = {isa = PBXBuildFile; fileRef = 2B5A9AF92472D9D700A60254 /* TestDetailsViewController.swift */; };
		2B5A9AFF2472DB8B00A60254 /* BaseViewController.swift in Sources */ = {isa = PBXBuildFile; fileRef = 2B5A9AFE2472DB8B00A60254 /* BaseViewController.swift */; };
		2B5A9B012472DBD200A60254 /* BaseViewModelOutput.swift in Sources */ = {isa = PBXBuildFile; fileRef = 2B5A9B002472DBD200A60254 /* BaseViewModelOutput.swift */; };
		2B5A9B072474243300A60254 /* MoviesListViewModel.swift in Sources */ = {isa = PBXBuildFile; fileRef = 2B5A9B062474243300A60254 /* MoviesListViewModel.swift */; };
		2B5A9B092474245C00A60254 /* MoviesListTableViewController.swift in Sources */ = {isa = PBXBuildFile; fileRef = 2B5A9B082474245C00A60254 /* MoviesListTableViewController.swift */; };
		2B5A9B0E2474267500A60254 /* Movie.swift in Sources */ = {isa = PBXBuildFile; fileRef = 2B5A9B0D2474267500A60254 /* Movie.swift */; };
		2B5A9B102474283700A60254 /* MoviesListWorker.swift in Sources */ = {isa = PBXBuildFile; fileRef = 2B5A9B0F2474283700A60254 /* MoviesListWorker.swift */; };
		2B5A9B122474299000A60254 /* MoviesListStoreProtocol.swift in Sources */ = {isa = PBXBuildFile; fileRef = 2B5A9B112474299000A60254 /* MoviesListStoreProtocol.swift */; };
		2B5A9B1524742A0200A60254 /* MoviesListNetworkStore.swift in Sources */ = {isa = PBXBuildFile; fileRef = 2B5A9B1424742A0200A60254 /* MoviesListNetworkStore.swift */; };
		2B5A9B192474326800A60254 /* MoviesModelsFactory.swift in Sources */ = {isa = PBXBuildFile; fileRef = 2B5A9B182474326800A60254 /* MoviesModelsFactory.swift */; };
		2B5A9B1B247432A000A60254 /* MoviesTableViewModel.swift in Sources */ = {isa = PBXBuildFile; fileRef = 2B5A9B1A247432A000A60254 /* MoviesTableViewModel.swift */; };
		2B5A9B1E247432DE00A60254 /* MovieTableViewCell.swift in Sources */ = {isa = PBXBuildFile; fileRef = 2B5A9B1C247432DE00A60254 /* MovieTableViewCell.swift */; };
		2B5A9B1F247432DE00A60254 /* MovieTableViewCell.xib in Resources */ = {isa = PBXBuildFile; fileRef = 2B5A9B1D247432DE00A60254 /* MovieTableViewCell.xib */; };
		2B5A9B23247514EA00A60254 /* MainViewController.swift in Sources */ = {isa = PBXBuildFile; fileRef = 2B5A9B22247514EA00A60254 /* MainViewController.swift */; };
		2B5A9B25247514F900A60254 /* MainViewModel.swift in Sources */ = {isa = PBXBuildFile; fileRef = 2B5A9B24247514F900A60254 /* MainViewModel.swift */; };
		2B62A06F2472860700DB4571 /* AppDelegate.swift in Sources */ = {isa = PBXBuildFile; fileRef = 2B62A06E2472860700DB4571 /* AppDelegate.swift */; };
		2B62A0712472860700DB4571 /* SceneDelegate.swift in Sources */ = {isa = PBXBuildFile; fileRef = 2B62A0702472860700DB4571 /* SceneDelegate.swift */; };
		2B62A0762472860700DB4571 /* Main.storyboard in Resources */ = {isa = PBXBuildFile; fileRef = 2B62A0742472860700DB4571 /* Main.storyboard */; };
		2B62A0782472860800DB4571 /* Assets.xcassets in Resources */ = {isa = PBXBuildFile; fileRef = 2B62A0772472860800DB4571 /* Assets.xcassets */; };
		2B62A07B2472860800DB4571 /* LaunchScreen.storyboard in Resources */ = {isa = PBXBuildFile; fileRef = 2B62A0792472860800DB4571 /* LaunchScreen.storyboard */; };
		2B62A0862472860900DB4571 /* MVVMCoreTests.swift in Sources */ = {isa = PBXBuildFile; fileRef = 2B62A0852472860900DB4571 /* MVVMCoreTests.swift */; };
		2B62A09B247289C100DB4571 /* TestViewModel.swift in Sources */ = {isa = PBXBuildFile; fileRef = 2B62A09A247289C100DB4571 /* TestViewModel.swift */; };
		2B62A09D247289D200DB4571 /* TestViewController.swift in Sources */ = {isa = PBXBuildFile; fileRef = 2B62A09C247289D100DB4571 /* TestViewController.swift */; };
		2B62A09F2472921800DB4571 /* Observer.swift in Sources */ = {isa = PBXBuildFile; fileRef = 2B62A09E2472921800DB4571 /* Observer.swift */; };
		5B54127224769292001DE013 /* Coordinator.swift in Sources */ = {isa = PBXBuildFile; fileRef = 5B54127124769292001DE013 /* Coordinator.swift */; };
		5B5412742476A69A001DE013 /* BaseCoordinator.swift in Sources */ = {isa = PBXBuildFile; fileRef = 5B5412732476A69A001DE013 /* BaseCoordinator.swift */; };
		5B5412762476BC24001DE013 /* MainCoordinator.swift in Sources */ = {isa = PBXBuildFile; fileRef = 5B5412752476BC24001DE013 /* MainCoordinator.swift */; };
		5B5412792476C3DE001DE013 /* MainCoordinatorFactory.swift in Sources */ = {isa = PBXBuildFile; fileRef = 5B5412782476C3DE001DE013 /* MainCoordinatorFactory.swift */; };
		5B592FA5248912580047A899 /* MainCoordinatorModels.swift in Sources */ = {isa = PBXBuildFile; fileRef = 5B592FA4248912580047A899 /* MainCoordinatorModels.swift */; };
		5B592FA7248912CD0047A899 /* CounterCoordinatorModels.swift in Sources */ = {isa = PBXBuildFile; fileRef = 5B592FA6248912CD0047A899 /* CounterCoordinatorModels.swift */; };
		5B592FA9248914390047A899 /* MoviesCoordinatorModels.swift in Sources */ = {isa = PBXBuildFile; fileRef = 5B592FA8248914390047A899 /* MoviesCoordinatorModels.swift */; };
		5B592FAC248918BE0047A899 /* BaseAssembly.swift in Sources */ = {isa = PBXBuildFile; fileRef = 5B592FAB248918BE0047A899 /* BaseAssembly.swift */; };
		5B592FAE248918D60047A899 /* Assembly.swift in Sources */ = {isa = PBXBuildFile; fileRef = 5B592FAD248918D60047A899 /* Assembly.swift */; };
		5B917C8B2476DB1B00DC477E /* CounterCoordinator.swift in Sources */ = {isa = PBXBuildFile; fileRef = 5B917C8A2476DB1B00DC477E /* CounterCoordinator.swift */; };
		5B917C8D2476DD2800DC477E /* CounterCoordinatorFactory.swift in Sources */ = {isa = PBXBuildFile; fileRef = 5B917C8C2476DD2800DC477E /* CounterCoordinatorFactory.swift */; };
		5B917C8F2476EC8E00DC477E /* BaseCoordinatorRouter.swift in Sources */ = {isa = PBXBuildFile; fileRef = 5B917C8E2476EC8E00DC477E /* BaseCoordinatorRouter.swift */; };
		5B917C912477B5C500DC477E /* MainCoordinatorRouter.swift in Sources */ = {isa = PBXBuildFile; fileRef = 5B917C902477B5C500DC477E /* MainCoordinatorRouter.swift */; };
		5B917C932477CCBA00DC477E /* CounterCoordinatorRouter.swift in Sources */ = {isa = PBXBuildFile; fileRef = 5B917C922477CCBA00DC477E /* CounterCoordinatorRouter.swift */; };
		5B917C96247811FA00DC477E /* MoviesCoordinator.swift in Sources */ = {isa = PBXBuildFile; fileRef = 5B917C95247811FA00DC477E /* MoviesCoordinator.swift */; };
		5B917C982478120A00DC477E /* MoviesCoordinatorFactory.swift in Sources */ = {isa = PBXBuildFile; fileRef = 5B917C972478120A00DC477E /* MoviesCoordinatorFactory.swift */; };
		5B917C9A2478124E00DC477E /* MoviesCoordinatorRouter.swift in Sources */ = {isa = PBXBuildFile; fileRef = 5B917C992478124E00DC477E /* MoviesCoordinatorRouter.swift */; };
		5B917C9C2478381A00DC477E /* CoordinatorRouter.swift in Sources */ = {isa = PBXBuildFile; fileRef = 5B917C9B2478381A00DC477E /* CoordinatorRouter.swift */; };
/* End PBXBuildFile section */

/* Begin PBXContainerItemProxy section */
		2B62A0822472860900DB4571 /* PBXContainerItemProxy */ = {
			isa = PBXContainerItemProxy;
			containerPortal = 2B62A0632472860600DB4571 /* Project object */;
			proxyType = 1;
			remoteGlobalIDString = 2B62A06A2472860600DB4571;
			remoteInfo = MVVMCore;
		};
/* End PBXContainerItemProxy section */

/* Begin PBXFileReference section */
		2B5A9AF72472D9CA00A60254 /* TestDetailsViewModel.swift */ = {isa = PBXFileReference; lastKnownFileType = sourcecode.swift; path = TestDetailsViewModel.swift; sourceTree = "<group>"; };
		2B5A9AF92472D9D700A60254 /* TestDetailsViewController.swift */ = {isa = PBXFileReference; lastKnownFileType = sourcecode.swift; path = TestDetailsViewController.swift; sourceTree = "<group>"; };
		2B5A9AFE2472DB8B00A60254 /* BaseViewController.swift */ = {isa = PBXFileReference; lastKnownFileType = sourcecode.swift; path = BaseViewController.swift; sourceTree = "<group>"; };
		2B5A9B002472DBD200A60254 /* BaseViewModelOutput.swift */ = {isa = PBXFileReference; lastKnownFileType = sourcecode.swift; path = BaseViewModelOutput.swift; sourceTree = "<group>"; };
		2B5A9B062474243300A60254 /* MoviesListViewModel.swift */ = {isa = PBXFileReference; lastKnownFileType = sourcecode.swift; path = MoviesListViewModel.swift; sourceTree = "<group>"; };
		2B5A9B082474245C00A60254 /* MoviesListTableViewController.swift */ = {isa = PBXFileReference; lastKnownFileType = sourcecode.swift; path = MoviesListTableViewController.swift; sourceTree = "<group>"; };
		2B5A9B0D2474267500A60254 /* Movie.swift */ = {isa = PBXFileReference; lastKnownFileType = sourcecode.swift; path = Movie.swift; sourceTree = "<group>"; };
		2B5A9B0F2474283700A60254 /* MoviesListWorker.swift */ = {isa = PBXFileReference; lastKnownFileType = sourcecode.swift; path = MoviesListWorker.swift; sourceTree = "<group>"; };
		2B5A9B112474299000A60254 /* MoviesListStoreProtocol.swift */ = {isa = PBXFileReference; lastKnownFileType = sourcecode.swift; path = MoviesListStoreProtocol.swift; sourceTree = "<group>"; };
		2B5A9B1424742A0200A60254 /* MoviesListNetworkStore.swift */ = {isa = PBXFileReference; lastKnownFileType = sourcecode.swift; path = MoviesListNetworkStore.swift; sourceTree = "<group>"; };
		2B5A9B182474326800A60254 /* MoviesModelsFactory.swift */ = {isa = PBXFileReference; lastKnownFileType = sourcecode.swift; path = MoviesModelsFactory.swift; sourceTree = "<group>"; };
		2B5A9B1A247432A000A60254 /* MoviesTableViewModel.swift */ = {isa = PBXFileReference; lastKnownFileType = sourcecode.swift; path = MoviesTableViewModel.swift; sourceTree = "<group>"; };
		2B5A9B1C247432DE00A60254 /* MovieTableViewCell.swift */ = {isa = PBXFileReference; lastKnownFileType = sourcecode.swift; path = MovieTableViewCell.swift; sourceTree = "<group>"; };
		2B5A9B1D247432DE00A60254 /* MovieTableViewCell.xib */ = {isa = PBXFileReference; lastKnownFileType = file.xib; path = MovieTableViewCell.xib; sourceTree = "<group>"; };
		2B5A9B22247514EA00A60254 /* MainViewController.swift */ = {isa = PBXFileReference; lastKnownFileType = sourcecode.swift; path = MainViewController.swift; sourceTree = "<group>"; };
		2B5A9B24247514F900A60254 /* MainViewModel.swift */ = {isa = PBXFileReference; lastKnownFileType = sourcecode.swift; path = MainViewModel.swift; sourceTree = "<group>"; };
		2B62A06B2472860600DB4571 /* MVVMCore.app */ = {isa = PBXFileReference; explicitFileType = wrapper.application; includeInIndex = 0; path = MVVMCore.app; sourceTree = BUILT_PRODUCTS_DIR; };
		2B62A06E2472860700DB4571 /* AppDelegate.swift */ = {isa = PBXFileReference; lastKnownFileType = sourcecode.swift; path = AppDelegate.swift; sourceTree = "<group>"; };
		2B62A0702472860700DB4571 /* SceneDelegate.swift */ = {isa = PBXFileReference; lastKnownFileType = sourcecode.swift; path = SceneDelegate.swift; sourceTree = "<group>"; };
		2B62A0752472860700DB4571 /* Base */ = {isa = PBXFileReference; lastKnownFileType = file.storyboard; name = Base; path = Base.lproj/Main.storyboard; sourceTree = "<group>"; };
		2B62A0772472860800DB4571 /* Assets.xcassets */ = {isa = PBXFileReference; lastKnownFileType = folder.assetcatalog; path = Assets.xcassets; sourceTree = "<group>"; };
		2B62A07A2472860800DB4571 /* Base */ = {isa = PBXFileReference; lastKnownFileType = file.storyboard; name = Base; path = Base.lproj/LaunchScreen.storyboard; sourceTree = "<group>"; };
		2B62A07C2472860800DB4571 /* Info.plist */ = {isa = PBXFileReference; lastKnownFileType = text.plist.xml; path = Info.plist; sourceTree = "<group>"; };
		2B62A0812472860900DB4571 /* MVVMCoreTests.xctest */ = {isa = PBXFileReference; explicitFileType = wrapper.cfbundle; includeInIndex = 0; path = MVVMCoreTests.xctest; sourceTree = BUILT_PRODUCTS_DIR; };
		2B62A0852472860900DB4571 /* MVVMCoreTests.swift */ = {isa = PBXFileReference; lastKnownFileType = sourcecode.swift; path = MVVMCoreTests.swift; sourceTree = "<group>"; };
		2B62A0872472860900DB4571 /* Info.plist */ = {isa = PBXFileReference; lastKnownFileType = text.plist.xml; path = Info.plist; sourceTree = "<group>"; };
		2B62A09A247289C100DB4571 /* TestViewModel.swift */ = {isa = PBXFileReference; lastKnownFileType = sourcecode.swift; path = TestViewModel.swift; sourceTree = "<group>"; };
		2B62A09C247289D100DB4571 /* TestViewController.swift */ = {isa = PBXFileReference; lastKnownFileType = sourcecode.swift; path = TestViewController.swift; sourceTree = "<group>"; };
		2B62A09E2472921800DB4571 /* Observer.swift */ = {isa = PBXFileReference; lastKnownFileType = sourcecode.swift; path = Observer.swift; sourceTree = "<group>"; };
		5B54127124769292001DE013 /* Coordinator.swift */ = {isa = PBXFileReference; lastKnownFileType = sourcecode.swift; path = Coordinator.swift; sourceTree = "<group>"; };
		5B5412732476A69A001DE013 /* BaseCoordinator.swift */ = {isa = PBXFileReference; lastKnownFileType = sourcecode.swift; path = BaseCoordinator.swift; sourceTree = "<group>"; };
		5B5412752476BC24001DE013 /* MainCoordinator.swift */ = {isa = PBXFileReference; lastKnownFileType = sourcecode.swift; path = MainCoordinator.swift; sourceTree = "<group>"; };
		5B5412782476C3DE001DE013 /* MainCoordinatorFactory.swift */ = {isa = PBXFileReference; lastKnownFileType = sourcecode.swift; path = MainCoordinatorFactory.swift; sourceTree = "<group>"; };
		5B592FA4248912580047A899 /* MainCoordinatorModels.swift */ = {isa = PBXFileReference; lastKnownFileType = sourcecode.swift; path = MainCoordinatorModels.swift; sourceTree = "<group>"; };
		5B592FA6248912CD0047A899 /* CounterCoordinatorModels.swift */ = {isa = PBXFileReference; lastKnownFileType = sourcecode.swift; path = CounterCoordinatorModels.swift; sourceTree = "<group>"; };
		5B592FA8248914390047A899 /* MoviesCoordinatorModels.swift */ = {isa = PBXFileReference; lastKnownFileType = sourcecode.swift; path = MoviesCoordinatorModels.swift; sourceTree = "<group>"; };
		5B592FAB248918BE0047A899 /* BaseAssembly.swift */ = {isa = PBXFileReference; lastKnownFileType = sourcecode.swift; path = BaseAssembly.swift; sourceTree = "<group>"; };
		5B592FAD248918D60047A899 /* Assembly.swift */ = {isa = PBXFileReference; lastKnownFileType = sourcecode.swift; path = Assembly.swift; sourceTree = "<group>"; };
		5B917C8A2476DB1B00DC477E /* CounterCoordinator.swift */ = {isa = PBXFileReference; lastKnownFileType = sourcecode.swift; path = CounterCoordinator.swift; sourceTree = "<group>"; };
		5B917C8C2476DD2800DC477E /* CounterCoordinatorFactory.swift */ = {isa = PBXFileReference; lastKnownFileType = sourcecode.swift; path = CounterCoordinatorFactory.swift; sourceTree = "<group>"; };
		5B917C8E2476EC8E00DC477E /* BaseCoordinatorRouter.swift */ = {isa = PBXFileReference; lastKnownFileType = sourcecode.swift; path = BaseCoordinatorRouter.swift; sourceTree = "<group>"; };
		5B917C902477B5C500DC477E /* MainCoordinatorRouter.swift */ = {isa = PBXFileReference; lastKnownFileType = sourcecode.swift; path = MainCoordinatorRouter.swift; sourceTree = "<group>"; };
		5B917C922477CCBA00DC477E /* CounterCoordinatorRouter.swift */ = {isa = PBXFileReference; lastKnownFileType = sourcecode.swift; path = CounterCoordinatorRouter.swift; sourceTree = "<group>"; };
		5B917C95247811FA00DC477E /* MoviesCoordinator.swift */ = {isa = PBXFileReference; lastKnownFileType = sourcecode.swift; path = MoviesCoordinator.swift; sourceTree = "<group>"; };
		5B917C972478120A00DC477E /* MoviesCoordinatorFactory.swift */ = {isa = PBXFileReference; lastKnownFileType = sourcecode.swift; path = MoviesCoordinatorFactory.swift; sourceTree = "<group>"; };
		5B917C992478124E00DC477E /* MoviesCoordinatorRouter.swift */ = {isa = PBXFileReference; lastKnownFileType = sourcecode.swift; path = MoviesCoordinatorRouter.swift; sourceTree = "<group>"; };
		5B917C9B2478381A00DC477E /* CoordinatorRouter.swift */ = {isa = PBXFileReference; lastKnownFileType = sourcecode.swift; path = CoordinatorRouter.swift; sourceTree = "<group>"; };
/* End PBXFileReference section */

/* Begin PBXFrameworksBuildPhase section */
		2B62A0682472860600DB4571 /* Frameworks */ = {
			isa = PBXFrameworksBuildPhase;
			buildActionMask = 2147483647;
			files = (
			);
			runOnlyForDeploymentPostprocessing = 0;
		};
		2B62A07E2472860900DB4571 /* Frameworks */ = {
			isa = PBXFrameworksBuildPhase;
			buildActionMask = 2147483647;
			files = (
			);
			runOnlyForDeploymentPostprocessing = 0;
		};
/* End PBXFrameworksBuildPhase section */

/* Begin PBXGroup section */
		2B5A9AF42472D99500A60254 /* CounterDetails */ = {
			isa = PBXGroup;
			children = (
				2B5A9AF72472D9CA00A60254 /* TestDetailsViewModel.swift */,
				2B5A9AF92472D9D700A60254 /* TestDetailsViewController.swift */,
			);
			path = CounterDetails;
			sourceTree = "<group>";
		};
		2B5A9AFD2472DB7C00A60254 /* MVVMBase */ = {
			isa = PBXGroup;
			children = (
				2B5A9AFE2472DB8B00A60254 /* BaseViewController.swift */,
				2B5A9B002472DBD200A60254 /* BaseViewModelOutput.swift */,
			);
			path = MVVMBase;
			sourceTree = "<group>";
		};
		2B5A9B02247423C800A60254 /* Movies */ = {
			isa = PBXGroup;
			children = (
				2B5A9B172474324C00A60254 /* Factories */,
				2B5A9B162474321C00A60254 /* Cells */,
				2B5A9B062474243300A60254 /* MoviesListViewModel.swift */,
				2B5A9B082474245C00A60254 /* MoviesListTableViewController.swift */,
			);
			path = Movies;
			sourceTree = "<group>";
		};
		2B5A9B03247423EA00A60254 /* Store */ = {
			isa = PBXGroup;
			children = (
				2B5A9B1424742A0200A60254 /* MoviesListNetworkStore.swift */,
			);
			path = Store;
			sourceTree = "<group>";
		};
		2B5A9B0A2474260200A60254 /* Entities */ = {
			isa = PBXGroup;
			children = (
				2B5A9B0D2474267500A60254 /* Movie.swift */,
				2B62A09E2472921800DB4571 /* Observer.swift */,
			);
			path = Entities;
			sourceTree = "<group>";
		};
		2B5A9B0B2474262200A60254 /* Workers */ = {
			isa = PBXGroup;
			children = (
				2B5A9B0F2474283700A60254 /* MoviesListWorker.swift */,
			);
			path = Workers;
			sourceTree = "<group>";
		};
		2B5A9B0C2474263300A60254 /* Store Interfaces */ = {
			isa = PBXGroup;
			children = (
				2B5A9B112474299000A60254 /* MoviesListStoreProtocol.swift */,
			);
			path = "Store Interfaces";
			sourceTree = "<group>";
		};
		2B5A9B13247429D100A60254 /* Data layer */ = {
			isa = PBXGroup;
			children = (
				2B5A9B03247423EA00A60254 /* Store */,
			);
			path = "Data layer";
			sourceTree = "<group>";
		};
		2B5A9B162474321C00A60254 /* Cells */ = {
			isa = PBXGroup;
			children = (
				2B5A9B1A247432A000A60254 /* MoviesTableViewModel.swift */,
				2B5A9B1C247432DE00A60254 /* MovieTableViewCell.swift */,
				2B5A9B1D247432DE00A60254 /* MovieTableViewCell.xib */,
			);
			path = Cells;
			sourceTree = "<group>";
		};
		2B5A9B172474324C00A60254 /* Factories */ = {
			isa = PBXGroup;
			children = (
				2B5A9B182474326800A60254 /* MoviesModelsFactory.swift */,
			);
			path = Factories;
			sourceTree = "<group>";
		};
		2B5A9B202475142700A60254 /* Presentation layer */ = {
			isa = PBXGroup;
			children = (
				2B5A9B212475143C00A60254 /* Main */,
				2B62A0972472875C00DB4571 /* Counter */,
				2B5A9AF42472D99500A60254 /* CounterDetails */,
				2B5A9B02247423C800A60254 /* Movies */,
			);
			path = "Presentation layer";
			sourceTree = "<group>";
		};
		2B5A9B212475143C00A60254 /* Main */ = {
			isa = PBXGroup;
			children = (
				2B5A9B22247514EA00A60254 /* MainViewController.swift */,
				2B5A9B24247514F900A60254 /* MainViewModel.swift */,
			);
			path = Main;
			sourceTree = "<group>";
		};
		2B62A0622472860600DB4571 = {
			isa = PBXGroup;
			children = (
				2B62A06D2472860600DB4571 /* MVVMCore */,
				2B62A0842472860900DB4571 /* MVVMCoreTests */,
				2B62A06C2472860600DB4571 /* Products */,
			);
			sourceTree = "<group>";
		};
		2B62A06C2472860600DB4571 /* Products */ = {
			isa = PBXGroup;
			children = (
				2B62A06B2472860600DB4571 /* MVVMCore.app */,
				2B62A0812472860900DB4571 /* MVVMCoreTests.xctest */,
			);
			name = Products;
			sourceTree = "<group>";
		};
		2B62A06D2472860600DB4571 /* MVVMCore */ = {
			isa = PBXGroup;
			children = (
				2B62A06E2472860700DB4571 /* AppDelegate.swift */,
				2B62A0702472860700DB4571 /* SceneDelegate.swift */,
				5B54127024768DF6001DE013 /* Coordinators */,
				2B62A0A42472C47500DB4571 /* Domain layer */,
				2B5A9B13247429D100A60254 /* Data layer */,
				2B5A9B202475142700A60254 /* Presentation layer */,
				2BDAB149247520AA00B4E750 /* Storyboards */,
				2B62A0772472860800DB4571 /* Assets.xcassets */,
				2B62A07C2472860800DB4571 /* Info.plist */,
			);
			path = MVVMCore;
			sourceTree = "<group>";
		};
		2B62A0842472860900DB4571 /* MVVMCoreTests */ = {
			isa = PBXGroup;
			children = (
				2B62A0852472860900DB4571 /* MVVMCoreTests.swift */,
				2B62A0872472860900DB4571 /* Info.plist */,
			);
			path = MVVMCoreTests;
			sourceTree = "<group>";
		};
		2B62A0972472875C00DB4571 /* Counter */ = {
			isa = PBXGroup;
			children = (
				2B62A09A247289C100DB4571 /* TestViewModel.swift */,
				2B62A09C247289D100DB4571 /* TestViewController.swift */,
			);
			path = Counter;
			sourceTree = "<group>";
		};
		2B62A0A42472C47500DB4571 /* Domain layer */ = {
			isa = PBXGroup;
			children = (
				2B5A9B0C2474263300A60254 /* Store Interfaces */,
				2B5A9B0B2474262200A60254 /* Workers */,
				2B5A9B0A2474260200A60254 /* Entities */,
				2B5A9AFD2472DB7C00A60254 /* MVVMBase */,
			);
			path = "Domain layer";
			sourceTree = "<group>";
		};
		2BDAB149247520AA00B4E750 /* Storyboards */ = {
			isa = PBXGroup;
			children = (
				2B62A0792472860800DB4571 /* LaunchScreen.storyboard */,
				2B62A0742472860700DB4571 /* Main.storyboard */,
			);
			path = Storyboards;
			sourceTree = "<group>";
		};
		5B54127024768DF6001DE013 /* Coordinators */ = {
			isa = PBXGroup;
			children = (
				5B592FAA248918710047A899 /* Assembly */,
				5B917C9D2478389E00DC477E /* BaseCoordinator */,
				5B917C9E247838B100DC477E /* BaseCoordinatorRouter */,
				5B5412772476C3C1001DE013 /* MainCoordinator */,
				5B917C892476DA6C00DC477E /* CounterCoordinator */,
				5B917C94247811CC00DC477E /* MoviesCoordinator */,
			);
			path = Coordinators;
			sourceTree = "<group>";
		};
		5B5412772476C3C1001DE013 /* MainCoordinator */ = {
			isa = PBXGroup;
			children = (
				5B5412752476BC24001DE013 /* MainCoordinator.swift */,
				5B5412782476C3DE001DE013 /* MainCoordinatorFactory.swift */,
				5B917C902477B5C500DC477E /* MainCoordinatorRouter.swift */,
				5B592FA4248912580047A899 /* MainCoordinatorModels.swift */,
			);
			path = MainCoordinator;
			sourceTree = "<group>";
		};
		5B592FAA248918710047A899 /* Assembly */ = {
			isa = PBXGroup;
			children = (
				5B592FAD248918D60047A899 /* Assembly.swift */,
				5B592FAB248918BE0047A899 /* BaseAssembly.swift */,
			);
			path = Assembly;
			sourceTree = "<group>";
		};
		5B917C892476DA6C00DC477E /* CounterCoordinator */ = {
			isa = PBXGroup;
			children = (
				5B917C8A2476DB1B00DC477E /* CounterCoordinator.swift */,
				5B917C8C2476DD2800DC477E /* CounterCoordinatorFactory.swift */,
				5B917C922477CCBA00DC477E /* CounterCoordinatorRouter.swift */,
				5B592FA6248912CD0047A899 /* CounterCoordinatorModels.swift */,
			);
			path = CounterCoordinator;
			sourceTree = "<group>";
		};
		5B917C94247811CC00DC477E /* MoviesCoordinator */ = {
			isa = PBXGroup;
			children = (
				5B917C95247811FA00DC477E /* MoviesCoordinator.swift */,
				5B917C972478120A00DC477E /* MoviesCoordinatorFactory.swift */,
				5B917C992478124E00DC477E /* MoviesCoordinatorRouter.swift */,
				5B592FA8248914390047A899 /* MoviesCoordinatorModels.swift */,
			);
			path = MoviesCoordinator;
			sourceTree = "<group>";
		};
		5B917C9D2478389E00DC477E /* BaseCoordinator */ = {
			isa = PBXGroup;
			children = (
				5B54127124769292001DE013 /* Coordinator.swift */,
				5B5412732476A69A001DE013 /* BaseCoordinator.swift */,
			);
			path = BaseCoordinator;
			sourceTree = "<group>";
		};
		5B917C9E247838B100DC477E /* BaseCoordinatorRouter */ = {
			isa = PBXGroup;
			children = (
				5B917C9B2478381A00DC477E /* CoordinatorRouter.swift */,
				5B917C8E2476EC8E00DC477E /* BaseCoordinatorRouter.swift */,
			);
			path = BaseCoordinatorRouter;
			sourceTree = "<group>";
		};
/* End PBXGroup section */

/* Begin PBXNativeTarget section */
		2B62A06A2472860600DB4571 /* MVVMCore */ = {
			isa = PBXNativeTarget;
			buildConfigurationList = 2B62A08A2472860900DB4571 /* Build configuration list for PBXNativeTarget "MVVMCore" */;
			buildPhases = (
				2B62A0672472860600DB4571 /* Sources */,
				2B62A0682472860600DB4571 /* Frameworks */,
				2B62A0692472860600DB4571 /* Resources */,
			);
			buildRules = (
			);
			dependencies = (
			);
			name = MVVMCore;
			productName = MVVMCore;
			productReference = 2B62A06B2472860600DB4571 /* MVVMCore.app */;
			productType = "com.apple.product-type.application";
		};
		2B62A0802472860900DB4571 /* MVVMCoreTests */ = {
			isa = PBXNativeTarget;
			buildConfigurationList = 2B62A08D2472860900DB4571 /* Build configuration list for PBXNativeTarget "MVVMCoreTests" */;
			buildPhases = (
				2B62A07D2472860900DB4571 /* Sources */,
				2B62A07E2472860900DB4571 /* Frameworks */,
				2B62A07F2472860900DB4571 /* Resources */,
			);
			buildRules = (
			);
			dependencies = (
				2B62A0832472860900DB4571 /* PBXTargetDependency */,
			);
			name = MVVMCoreTests;
			productName = MVVMCoreTests;
			productReference = 2B62A0812472860900DB4571 /* MVVMCoreTests.xctest */;
			productType = "com.apple.product-type.bundle.unit-test";
		};
/* End PBXNativeTarget section */

/* Begin PBXProject section */
		2B62A0632472860600DB4571 /* Project object */ = {
			isa = PBXProject;
			attributes = {
				LastSwiftUpdateCheck = 1130;
				LastUpgradeCheck = 1130;
				ORGANIZATIONNAME = APM;
				TargetAttributes = {
					2B62A06A2472860600DB4571 = {
						CreatedOnToolsVersion = 11.3.1;
					};
					2B62A0802472860900DB4571 = {
						CreatedOnToolsVersion = 11.3.1;
						TestTargetID = 2B62A06A2472860600DB4571;
					};
				};
			};
			buildConfigurationList = 2B62A0662472860600DB4571 /* Build configuration list for PBXProject "MVVMCore" */;
			compatibilityVersion = "Xcode 9.3";
			developmentRegion = en;
			hasScannedForEncodings = 0;
			knownRegions = (
				en,
				Base,
			);
			mainGroup = 2B62A0622472860600DB4571;
			productRefGroup = 2B62A06C2472860600DB4571 /* Products */;
			projectDirPath = "";
			projectRoot = "";
			targets = (
				2B62A06A2472860600DB4571 /* MVVMCore */,
				2B62A0802472860900DB4571 /* MVVMCoreTests */,
			);
		};
/* End PBXProject section */

/* Begin PBXResourcesBuildPhase section */
		2B62A0692472860600DB4571 /* Resources */ = {
			isa = PBXResourcesBuildPhase;
			buildActionMask = 2147483647;
			files = (
				2B62A07B2472860800DB4571 /* LaunchScreen.storyboard in Resources */,
				2B62A0782472860800DB4571 /* Assets.xcassets in Resources */,
				2B5A9B1F247432DE00A60254 /* MovieTableViewCell.xib in Resources */,
				2B62A0762472860700DB4571 /* Main.storyboard in Resources */,
			);
			runOnlyForDeploymentPostprocessing = 0;
		};
		2B62A07F2472860900DB4571 /* Resources */ = {
			isa = PBXResourcesBuildPhase;
			buildActionMask = 2147483647;
			files = (
			);
			runOnlyForDeploymentPostprocessing = 0;
		};
/* End PBXResourcesBuildPhase section */

/* Begin PBXSourcesBuildPhase section */
		2B62A0672472860600DB4571 /* Sources */ = {
			isa = PBXSourcesBuildPhase;
			buildActionMask = 2147483647;
			files = (
				2B5A9B012472DBD200A60254 /* BaseViewModelOutput.swift in Sources */,
				2B5A9B072474243300A60254 /* MoviesListViewModel.swift in Sources */,
				2B62A09F2472921800DB4571 /* Observer.swift in Sources */,
				5B917C8F2476EC8E00DC477E /* BaseCoordinatorRouter.swift in Sources */,
				5B5412792476C3DE001DE013 /* MainCoordinatorFactory.swift in Sources */,
				2B5A9B092474245C00A60254 /* MoviesListTableViewController.swift in Sources */,
				2B5A9B25247514F900A60254 /* MainViewModel.swift in Sources */,
				5B592FA5248912580047A899 /* MainCoordinatorModels.swift in Sources */,
				2B62A09B247289C100DB4571 /* TestViewModel.swift in Sources */,
				5B592FAE248918D60047A899 /* Assembly.swift in Sources */,
				5B592FAC248918BE0047A899 /* BaseAssembly.swift in Sources */,
				2B62A06F2472860700DB4571 /* AppDelegate.swift in Sources */,
				5B917C912477B5C500DC477E /* MainCoordinatorRouter.swift in Sources */,
				5B917C932477CCBA00DC477E /* CounterCoordinatorRouter.swift in Sources */,
				2B5A9B192474326800A60254 /* MoviesModelsFactory.swift in Sources */,
				5B5412742476A69A001DE013 /* BaseCoordinator.swift in Sources */,
				5B917C982478120A00DC477E /* MoviesCoordinatorFactory.swift in Sources */,
				5B5412762476BC24001DE013 /* MainCoordinator.swift in Sources */,
				5B917C8B2476DB1B00DC477E /* CounterCoordinator.swift in Sources */,
				2B5A9B1E247432DE00A60254 /* MovieTableViewCell.swift in Sources */,
				5B917C8D2476DD2800DC477E /* CounterCoordinatorFactory.swift in Sources */,
				2B5A9B1524742A0200A60254 /* MoviesListNetworkStore.swift in Sources */,
				5B917C9A2478124E00DC477E /* MoviesCoordinatorRouter.swift in Sources */,
				2B5A9AFA2472D9D700A60254 /* TestDetailsViewController.swift in Sources */,
				2B5A9B102474283700A60254 /* MoviesListWorker.swift in Sources */,
				5B917C9C2478381A00DC477E /* CoordinatorRouter.swift in Sources */,
				2B5A9B0E2474267500A60254 /* Movie.swift in Sources */,
				2B62A09D247289D200DB4571 /* TestViewController.swift in Sources */,
				2B5A9AF82472D9CA00A60254 /* TestDetailsViewModel.swift in Sources */,
				5B54127224769292001DE013 /* Coordinator.swift in Sources */,
				5B917C96247811FA00DC477E /* MoviesCoordinator.swift in Sources */,
				5B592FA7248912CD0047A899 /* CounterCoordinatorModels.swift in Sources */,
				2B5A9AFF2472DB8B00A60254 /* BaseViewController.swift in Sources */,
				2B5A9B122474299000A60254 /* MoviesListStoreProtocol.swift in Sources */,
				2B5A9B23247514EA00A60254 /* MainViewController.swift in Sources */,
				2B62A0712472860700DB4571 /* SceneDelegate.swift in Sources */,
				2B5A9B1B247432A000A60254 /* MoviesTableViewModel.swift in Sources */,
				5B592FA9248914390047A899 /* MoviesCoordinatorModels.swift in Sources */,
			);
			runOnlyForDeploymentPostprocessing = 0;
		};
		2B62A07D2472860900DB4571 /* Sources */ = {
			isa = PBXSourcesBuildPhase;
			buildActionMask = 2147483647;
			files = (
				2B62A0862472860900DB4571 /* MVVMCoreTests.swift in Sources */,
			);
			runOnlyForDeploymentPostprocessing = 0;
		};
/* End PBXSourcesBuildPhase section */

/* Begin PBXTargetDependency section */
		2B62A0832472860900DB4571 /* PBXTargetDependency */ = {
			isa = PBXTargetDependency;
			target = 2B62A06A2472860600DB4571 /* MVVMCore */;
			targetProxy = 2B62A0822472860900DB4571 /* PBXContainerItemProxy */;
		};
/* End PBXTargetDependency section */

/* Begin PBXVariantGroup section */
		2B62A0742472860700DB4571 /* Main.storyboard */ = {
			isa = PBXVariantGroup;
			children = (
				2B62A0752472860700DB4571 /* Base */,
			);
			name = Main.storyboard;
			sourceTree = "<group>";
		};
		2B62A0792472860800DB4571 /* LaunchScreen.storyboard */ = {
			isa = PBXVariantGroup;
			children = (
				2B62A07A2472860800DB4571 /* Base */,
			);
			name = LaunchScreen.storyboard;
			sourceTree = "<group>";
		};
/* End PBXVariantGroup section */

/* Begin XCBuildConfiguration section */
		2B62A0882472860900DB4571 /* Debug */ = {
			isa = XCBuildConfiguration;
			buildSettings = {
				ALWAYS_SEARCH_USER_PATHS = NO;
				CLANG_ANALYZER_NONNULL = YES;
				CLANG_ANALYZER_NUMBER_OBJECT_CONVERSION = YES_AGGRESSIVE;
				CLANG_CXX_LANGUAGE_STANDARD = "gnu++14";
				CLANG_CXX_LIBRARY = "libc++";
				CLANG_ENABLE_MODULES = YES;
				CLANG_ENABLE_OBJC_ARC = YES;
				CLANG_ENABLE_OBJC_WEAK = YES;
				CLANG_WARN_BLOCK_CAPTURE_AUTORELEASING = YES;
				CLANG_WARN_BOOL_CONVERSION = YES;
				CLANG_WARN_COMMA = YES;
				CLANG_WARN_CONSTANT_CONVERSION = YES;
				CLANG_WARN_DEPRECATED_OBJC_IMPLEMENTATIONS = YES;
				CLANG_WARN_DIRECT_OBJC_ISA_USAGE = YES_ERROR;
				CLANG_WARN_DOCUMENTATION_COMMENTS = YES;
				CLANG_WARN_EMPTY_BODY = YES;
				CLANG_WARN_ENUM_CONVERSION = YES;
				CLANG_WARN_INFINITE_RECURSION = YES;
				CLANG_WARN_INT_CONVERSION = YES;
				CLANG_WARN_NON_LITERAL_NULL_CONVERSION = YES;
				CLANG_WARN_OBJC_IMPLICIT_RETAIN_SELF = YES;
				CLANG_WARN_OBJC_LITERAL_CONVERSION = YES;
				CLANG_WARN_OBJC_ROOT_CLASS = YES_ERROR;
				CLANG_WARN_RANGE_LOOP_ANALYSIS = YES;
				CLANG_WARN_STRICT_PROTOTYPES = YES;
				CLANG_WARN_SUSPICIOUS_MOVE = YES;
				CLANG_WARN_UNGUARDED_AVAILABILITY = YES_AGGRESSIVE;
				CLANG_WARN_UNREACHABLE_CODE = YES;
				CLANG_WARN__DUPLICATE_METHOD_MATCH = YES;
				COPY_PHASE_STRIP = NO;
				DEBUG_INFORMATION_FORMAT = dwarf;
				ENABLE_STRICT_OBJC_MSGSEND = YES;
				ENABLE_TESTABILITY = YES;
				GCC_C_LANGUAGE_STANDARD = gnu11;
				GCC_DYNAMIC_NO_PIC = NO;
				GCC_NO_COMMON_BLOCKS = YES;
				GCC_OPTIMIZATION_LEVEL = 0;
				GCC_PREPROCESSOR_DEFINITIONS = (
					"DEBUG=1",
					"$(inherited)",
				);
				GCC_WARN_64_TO_32_BIT_CONVERSION = YES;
				GCC_WARN_ABOUT_RETURN_TYPE = YES_ERROR;
				GCC_WARN_UNDECLARED_SELECTOR = YES;
				GCC_WARN_UNINITIALIZED_AUTOS = YES_AGGRESSIVE;
				GCC_WARN_UNUSED_FUNCTION = YES;
				GCC_WARN_UNUSED_VARIABLE = YES;
				IPHONEOS_DEPLOYMENT_TARGET = 13.2;
				MTL_ENABLE_DEBUG_INFO = INCLUDE_SOURCE;
				MTL_FAST_MATH = YES;
				ONLY_ACTIVE_ARCH = YES;
				SDKROOT = iphoneos;
				SWIFT_ACTIVE_COMPILATION_CONDITIONS = DEBUG;
				SWIFT_OPTIMIZATION_LEVEL = "-Onone";
			};
			name = Debug;
		};
		2B62A0892472860900DB4571 /* Release */ = {
			isa = XCBuildConfiguration;
			buildSettings = {
				ALWAYS_SEARCH_USER_PATHS = NO;
				CLANG_ANALYZER_NONNULL = YES;
				CLANG_ANALYZER_NUMBER_OBJECT_CONVERSION = YES_AGGRESSIVE;
				CLANG_CXX_LANGUAGE_STANDARD = "gnu++14";
				CLANG_CXX_LIBRARY = "libc++";
				CLANG_ENABLE_MODULES = YES;
				CLANG_ENABLE_OBJC_ARC = YES;
				CLANG_ENABLE_OBJC_WEAK = YES;
				CLANG_WARN_BLOCK_CAPTURE_AUTORELEASING = YES;
				CLANG_WARN_BOOL_CONVERSION = YES;
				CLANG_WARN_COMMA = YES;
				CLANG_WARN_CONSTANT_CONVERSION = YES;
				CLANG_WARN_DEPRECATED_OBJC_IMPLEMENTATIONS = YES;
				CLANG_WARN_DIRECT_OBJC_ISA_USAGE = YES_ERROR;
				CLANG_WARN_DOCUMENTATION_COMMENTS = YES;
				CLANG_WARN_EMPTY_BODY = YES;
				CLANG_WARN_ENUM_CONVERSION = YES;
				CLANG_WARN_INFINITE_RECURSION = YES;
				CLANG_WARN_INT_CONVERSION = YES;
				CLANG_WARN_NON_LITERAL_NULL_CONVERSION = YES;
				CLANG_WARN_OBJC_IMPLICIT_RETAIN_SELF = YES;
				CLANG_WARN_OBJC_LITERAL_CONVERSION = YES;
				CLANG_WARN_OBJC_ROOT_CLASS = YES_ERROR;
				CLANG_WARN_RANGE_LOOP_ANALYSIS = YES;
				CLANG_WARN_STRICT_PROTOTYPES = YES;
				CLANG_WARN_SUSPICIOUS_MOVE = YES;
				CLANG_WARN_UNGUARDED_AVAILABILITY = YES_AGGRESSIVE;
				CLANG_WARN_UNREACHABLE_CODE = YES;
				CLANG_WARN__DUPLICATE_METHOD_MATCH = YES;
				COPY_PHASE_STRIP = NO;
				DEBUG_INFORMATION_FORMAT = "dwarf-with-dsym";
				ENABLE_NS_ASSERTIONS = NO;
				ENABLE_STRICT_OBJC_MSGSEND = YES;
				GCC_C_LANGUAGE_STANDARD = gnu11;
				GCC_NO_COMMON_BLOCKS = YES;
				GCC_WARN_64_TO_32_BIT_CONVERSION = YES;
				GCC_WARN_ABOUT_RETURN_TYPE = YES_ERROR;
				GCC_WARN_UNDECLARED_SELECTOR = YES;
				GCC_WARN_UNINITIALIZED_AUTOS = YES_AGGRESSIVE;
				GCC_WARN_UNUSED_FUNCTION = YES;
				GCC_WARN_UNUSED_VARIABLE = YES;
				IPHONEOS_DEPLOYMENT_TARGET = 13.2;
				MTL_ENABLE_DEBUG_INFO = NO;
				MTL_FAST_MATH = YES;
				SDKROOT = iphoneos;
				SWIFT_COMPILATION_MODE = wholemodule;
				SWIFT_OPTIMIZATION_LEVEL = "-O";
				VALIDATE_PRODUCT = YES;
			};
			name = Release;
		};
		2B62A08B2472860900DB4571 /* Debug */ = {
			isa = XCBuildConfiguration;
			buildSettings = {
				ASSETCATALOG_COMPILER_APPICON_NAME = AppIcon;
				CODE_SIGN_STYLE = Automatic;
				DEVELOPMENT_TEAM = 2GS3DZHCM6;
				INFOPLIST_FILE = MVVMCore/Info.plist;
				LD_RUNPATH_SEARCH_PATHS = (
					"$(inherited)",
					"@executable_path/Frameworks",
				);
				PRODUCT_BUNDLE_IDENTIFIER = com.apm.MVVMCore;
				PRODUCT_NAME = "$(TARGET_NAME)";
				SWIFT_VERSION = 5.0;
				TARGETED_DEVICE_FAMILY = "1,2";
			};
			name = Debug;
		};
		2B62A08C2472860900DB4571 /* Release */ = {
			isa = XCBuildConfiguration;
			buildSettings = {
				ASSETCATALOG_COMPILER_APPICON_NAME = AppIcon;
				CODE_SIGN_STYLE = Automatic;
				DEVELOPMENT_TEAM = 2GS3DZHCM6;
				INFOPLIST_FILE = MVVMCore/Info.plist;
				LD_RUNPATH_SEARCH_PATHS = (
					"$(inherited)",
					"@executable_path/Frameworks",
				);
				PRODUCT_BUNDLE_IDENTIFIER = com.apm.MVVMCore;
				PRODUCT_NAME = "$(TARGET_NAME)";
				SWIFT_VERSION = 5.0;
				TARGETED_DEVICE_FAMILY = "1,2";
			};
			name = Release;
		};
		2B62A08E2472860900DB4571 /* Debug */ = {
			isa = XCBuildConfiguration;
			buildSettings = {
				ALWAYS_EMBED_SWIFT_STANDARD_LIBRARIES = YES;
				BUNDLE_LOADER = "$(TEST_HOST)";
				CODE_SIGN_STYLE = Automatic;
				DEVELOPMENT_TEAM = 2GS3DZHCM6;
				INFOPLIST_FILE = MVVMCoreTests/Info.plist;
				IPHONEOS_DEPLOYMENT_TARGET = 13.2;
				LD_RUNPATH_SEARCH_PATHS = (
					"$(inherited)",
					"@executable_path/Frameworks",
					"@loader_path/Frameworks",
				);
				PRODUCT_BUNDLE_IDENTIFIER = com.apm.MVVMCoreTests;
				PRODUCT_NAME = "$(TARGET_NAME)";
				SWIFT_VERSION = 5.0;
				TARGETED_DEVICE_FAMILY = "1,2";
				TEST_HOST = "$(BUILT_PRODUCTS_DIR)/MVVMCore.app/MVVMCore";
			};
			name = Debug;
		};
		2B62A08F2472860900DB4571 /* Release */ = {
			isa = XCBuildConfiguration;
			buildSettings = {
				ALWAYS_EMBED_SWIFT_STANDARD_LIBRARIES = YES;
				BUNDLE_LOADER = "$(TEST_HOST)";
				CODE_SIGN_STYLE = Automatic;
				DEVELOPMENT_TEAM = 2GS3DZHCM6;
				INFOPLIST_FILE = MVVMCoreTests/Info.plist;
				IPHONEOS_DEPLOYMENT_TARGET = 13.2;
				LD_RUNPATH_SEARCH_PATHS = (
					"$(inherited)",
					"@executable_path/Frameworks",
					"@loader_path/Frameworks",
				);
				PRODUCT_BUNDLE_IDENTIFIER = com.apm.MVVMCoreTests;
				PRODUCT_NAME = "$(TARGET_NAME)";
				SWIFT_VERSION = 5.0;
				TARGETED_DEVICE_FAMILY = "1,2";
				TEST_HOST = "$(BUILT_PRODUCTS_DIR)/MVVMCore.app/MVVMCore";
			};
			name = Release;
		};
/* End XCBuildConfiguration section */

/* Begin XCConfigurationList section */
		2B62A0662472860600DB4571 /* Build configuration list for PBXProject "MVVMCore" */ = {
			isa = XCConfigurationList;
			buildConfigurations = (
				2B62A0882472860900DB4571 /* Debug */,
				2B62A0892472860900DB4571 /* Release */,
			);
			defaultConfigurationIsVisible = 0;
			defaultConfigurationName = Release;
		};
		2B62A08A2472860900DB4571 /* Build configuration list for PBXNativeTarget "MVVMCore" */ = {
			isa = XCConfigurationList;
			buildConfigurations = (
				2B62A08B2472860900DB4571 /* Debug */,
				2B62A08C2472860900DB4571 /* Release */,
			);
			defaultConfigurationIsVisible = 0;
			defaultConfigurationName = Release;
		};
		2B62A08D2472860900DB4571 /* Build configuration list for PBXNativeTarget "MVVMCoreTests" */ = {
			isa = XCConfigurationList;
			buildConfigurations = (
				2B62A08E2472860900DB4571 /* Debug */,
				2B62A08F2472860900DB4571 /* Release */,
			);
			defaultConfigurationIsVisible = 0;
			defaultConfigurationName = Release;
		};
/* End XCConfigurationList section */
	};
	rootObject = 2B62A0632472860600DB4571 /* Project object */;
}
